
Microsoft Visual Studio Solution File, Format Version 12.00
# Visual Studio 14
VisualStudioVersion = 14.0.25420.1
MinimumVisualStudioVersion = 10.0.40219.1
Project("{FAE04EC0-301F-11D3-BF4B-00C04F79EFBC}") = "Bowtie.Lib", "..\CodeLibrary\Bowtie.Lib\Bowtie.Lib.csproj", "{488D241B-CBA6-4096-B76F-A1FB03EA5F76}"
EndProject
Project("{FAE04EC0-301F-11D3-BF4B-00C04F79EFBC}") = "Bowtie.ConsoleTest", "..\CodeLibrary\Bowtie.ConsoleTest\Bowtie.ConsoleTest.csproj", "{CB581EBF-8E78-43C2-932B-1EB804357691}"
EndProject
Project("{FAE04EC0-301F-11D3-BF4B-00C04F79EFBC}") = "Bowtie.Service", "..\CodeLibrary\Bowtie.Service\Bowtie.Service.csproj", "{E9F8ABC3-957E-4ADA-B7DB-A61E16BEAA1E}"
EndProject
Project("{FAE04EC0-301F-11D3-BF4B-00C04F79EFBC}") = "Bowtie.RepoLinq", "..\CodeLibrary\Bowtie.RepoLinq\Bowtie.RepoLinq.csproj", "{A1701AB0-0670-4A88-A4D4-304CE4898699}"
EndProject
Project("{FAE04EC0-301F-11D3-BF4B-00C04F79EFBC}") = "Bowtie.RepoNoDB", "..\CodeLibrary\Bowtie.RepoNoDB\Bowtie.RepoNoDB.csproj", "{226CE497-A55F-4B8B-8178-9C9B41AB34DC}"
EndProject
Project("{FAE04EC0-301F-11D3-BF4B-00C04F79EFBC}") = "Bowtie.ClientREST", "..\CodeLibrary\BowtieClientREST\Bowtie.ClientREST.csproj", "{66987C26-B983-46EC-B524-E1A2C1E2C3B8}"
EndProject
Project("{FAE04EC0-301F-11D3-BF4B-00C04F79EFBC}") = "JB2.Bowtie.GameObjects", "..\CodeLibrary\JB2.Bowtie.GameObjects\JB2.Bowtie.GameObjects.csproj", "{878DA1E1-F733-4555-BB1D-B1C9188D287B}"
EndProject
Project("{FAE04EC0-301F-11D3-BF4B-00C04F79EFBC}") = "Bowtie.RepoAzure", "..\CodeLibrary\Bowtie.AzureRepo\Bowtie.RepoAzure.csproj", "{6D362C4A-06D4-40C6-B314-AA559791E1F4}"
	ProjectSection(ProjectDependencies) = postProject
		{40F36CD2-7823-4F26-9F85-473367DB4013} = {40F36CD2-7823-4F26-9F85-473367DB4013}
	EndProjectSection
EndProject
Project("{FAE04EC0-301F-11D3-BF4B-00C04F79EFBC}") = "Test", "..\CodeLibrary\Test\Test.csproj", "{A01B5F39-B496-42C7-8630-20F0A7D16CED}"
EndProject
Project("{FAE04EC0-301F-11D3-BF4B-00C04F79EFBC}") = "JB2.Bowtie.PlayerAzureRepo", "..\CodeLibrary\JB2.Bowtie.PlayerAzureRepo\JB2.Bowtie.PlayerAzureRepo.csproj", "{1D0D9310-9366-4829-8CF2-1CD26A8DB33E}"
EndProject
Project("{2150E333-8FDC-42A3-9474-1A3956D46DE8}") = "Websites", "Websites", "{D49A01BC-388B-4391-BC11-3849B066E5CD}"
EndProject
Project("{FAE04EC0-301F-11D3-BF4B-00C04F79EFBC}") = "Bowtie.WebAPI", "..\Websites\Bowtie.WebAPI\Bowtie.WebAPI.csproj", "{0381E8E2-27DF-48E2-A659-DE2488917DAA}"
EndProject
Project("{FAE04EC0-301F-11D3-BF4B-00C04F79EFBC}") = "Bowtie.WebMain", "..\Websites\Bowtie.WebMain\Bowtie.WebMain.csproj", "{B180A2D5-BA4F-4AE4-B1C2-DF26A3A1D5E4}"
EndProject
Project("{2150E333-8FDC-42A3-9474-1A3956D46DE8}") = "Library", "Library", "{0D87BE5D-A853-4475-87CC-0264CF853746}"
EndProject
Project("{FAE04EC0-301F-11D3-BF4B-00C04F79EFBC}") = "Bowtie.Core", "..\CodeLibrary\JB2.Bowtie.Core\Bowtie.Core.csproj", "{99E5812C-BC21-4722-A8F1-75A6715B21A8}"
EndProject
Project("{FAE04EC0-301F-11D3-BF4B-00C04F79EFBC}") = "Bowtie.Graph", "..\CodeLibrary\JB2.Bowtie.Graph\Bowtie.Graph.csproj", "{7C28A0E8-2266-4E96-BAB5-ECE5E7BF9CE9}"
EndProject
Project("{FAE04EC0-301F-11D3-BF4B-00C04F79EFBC}") = "Bowtie.Manager", "..\CodeLibrary\JB2.Bowtie.Manager\Bowtie.Manager.csproj", "{2AC23884-2527-4B50-B2C4-BAB99C96D9B4}"
EndProject
Project("{FAE04EC0-301F-11D3-BF4B-00C04F79EFBC}") = "Bowtie.WebSDK", "..\Websites\Bowtie.WebSDK\Bowtie.WebSDK.csproj", "{710B61A2-EE15-4ED9-B282-C6395C48899F}"
EndProject
Project("{FAE04EC0-301F-11D3-BF4B-00C04F79EFBC}") = "Bowtie.WebClient", "..\Websites\Bowtie.WebClient\Bowtie.WebClient.csproj", "{172AEAD2-5FB7-4995-B807-732A9DFDB657}"
EndProject
Project("{FAE04EC0-301F-11D3-BF4B-00C04F79EFBC}") = "Bowtie.Gamification", "..\CodeLibrary\Bowtie.Gamification\Bowtie.Gamification.csproj", "{40F36CD2-7823-4F26-9F85-473367DB4013}"
EndProject
Project("{FAE04EC0-301F-11D3-BF4B-00C04F79EFBC}") = "JB2.Bowtie.Maintenance", "..\Executables\JB2.Bowtie.Maintenance\JB2.Bowtie.Maintenance.csproj", "{C6A88182-1D68-428B-BBFF-B60A88B5F6C8}"
EndProject
Project("{FAE04EC0-301F-11D3-BF4B-00C04F79EFBC}") = "Bowtie.Module", "..\CodeLibrary\Bowtie.Module\Bowtie.Module.csproj", "{81CF520A-6F22-462E-A674-72C74889AAC7}"
EndProject
Project("{FAE04EC0-301F-11D3-BF4B-00C04F79EFBC}") = "Bowtie.AuthorizeAPI", "..\Websites\Bowtie.AuthorizeAPI\Bowtie.AuthorizeAPI.csproj", "{2E9E5792-2C61-4EF3-8697-C252DCFD88C5}"
EndProject
Project("{FAE04EC0-301F-11D3-BF4B-00C04F79EFBC}") = "Bowtie.QueueAzure", "..\CodeLibrary\JB2.Bowtie.Queue\Bowtie.QueueAzure.csproj", "{79614DF6-F8DB-47B0-BAC1-D51312DFDF69}"
EndProject
Project("{FAE04EC0-301F-11D3-BF4B-00C04F79EFBC}") = "JB2.BitScore", "..\CodeLibrary\JB2.BitScore\JB2.BitScore.csproj", "{A2F4485B-D33F-48B6-85C7-A9178A04798C}"
EndProject
Project("{FAE04EC0-301F-11D3-BF4B-00C04F79EFBC}") = "JB2.JBeanCurrency", "..\CodeLibrary\JB2.JBeanCurrency\JB2.JBeanCurrency.csproj", "{6F87E69E-A432-46D1-9546-4265DFB2FBD9}"
EndProject
Project("{FAE04EC0-301F-11D3-BF4B-00C04F79EFBC}") = "Bowtie.Core.Net2", "..\CodeLibrary\JB2.Bowtie.Core.Net2\Bowtie.Core.Net2.csproj", "{E3E58567-B135-4264-BA5A-CFCE0B7C5D52}"
EndProject
Project("{2150E333-8FDC-42A3-9474-1A3956D46DE8}") = "Framework Net2.0", "Framework Net2.0", "{69FFF043-0784-4DD7-92F0-776A25A670AB}"
EndProject
Project("{FAE04EC0-301F-11D3-BF4B-00C04F79EFBC}") = "Bowtie.Gamification.Net2", "..\CodeLibrary\Bowtie.Gamification.Net2\Bowtie.Gamification.Net2.csproj", "{A5BF4496-EBA5-41ED-A8D1-3AF0FE72ECEF}"
EndProject
Global
	GlobalSection(SolutionConfigurationPlatforms) = preSolution
		Debug|Any CPU = Debug|Any CPU
		NoDB|Any CPU = NoDB|Any CPU
		Release|Any CPU = Release|Any CPU
	EndGlobalSection
	GlobalSection(ProjectConfigurationPlatforms) = postSolution
		{488D241B-CBA6-4096-B76F-A1FB03EA5F76}.Debug|Any CPU.ActiveCfg = Debug|Any CPU
		{488D241B-CBA6-4096-B76F-A1FB03EA5F76}.Debug|Any CPU.Build.0 = Debug|Any CPU
		{488D241B-CBA6-4096-B76F-A1FB03EA5F76}.NoDB|Any CPU.ActiveCfg = NoDB|Any CPU
		{488D241B-CBA6-4096-B76F-A1FB03EA5F76}.NoDB|Any CPU.Build.0 = NoDB|Any CPU
		{488D241B-CBA6-4096-B76F-A1FB03EA5F76}.Release|Any CPU.ActiveCfg = Release|Any CPU
		{488D241B-CBA6-4096-B76F-A1FB03EA5F76}.Release|Any CPU.Build.0 = Release|Any CPU
		{CB581EBF-8E78-43C2-932B-1EB804357691}.Debug|Any CPU.ActiveCfg = Debug|Any CPU
		{CB581EBF-8E78-43C2-932B-1EB804357691}.Debug|Any CPU.Build.0 = Debug|Any CPU
		{CB581EBF-8E78-43C2-932B-1EB804357691}.NoDB|Any CPU.ActiveCfg = NoDB|Any CPU
		{CB581EBF-8E78-43C2-932B-1EB804357691}.NoDB|Any CPU.Build.0 = NoDB|Any CPU
		{CB581EBF-8E78-43C2-932B-1EB804357691}.Release|Any CPU.ActiveCfg = Release|Any CPU
		{CB581EBF-8E78-43C2-932B-1EB804357691}.Release|Any CPU.Build.0 = Release|Any CPU
		{E9F8ABC3-957E-4ADA-B7DB-A61E16BEAA1E}.Debug|Any CPU.ActiveCfg = Debug|Any CPU
		{E9F8ABC3-957E-4ADA-B7DB-A61E16BEAA1E}.Debug|Any CPU.Build.0 = Debug|Any CPU
		{E9F8ABC3-957E-4ADA-B7DB-A61E16BEAA1E}.NoDB|Any CPU.ActiveCfg = NoDB|Any CPU
		{E9F8ABC3-957E-4ADA-B7DB-A61E16BEAA1E}.NoDB|Any CPU.Build.0 = NoDB|Any CPU
		{E9F8ABC3-957E-4ADA-B7DB-A61E16BEAA1E}.Release|Any CPU.ActiveCfg = Release|Any CPU
		{E9F8ABC3-957E-4ADA-B7DB-A61E16BEAA1E}.Release|Any CPU.Build.0 = Release|Any CPU
		{A1701AB0-0670-4A88-A4D4-304CE4898699}.Debug|Any CPU.ActiveCfg = Debug|Any CPU
		{A1701AB0-0670-4A88-A4D4-304CE4898699}.Debug|Any CPU.Build.0 = Debug|Any CPU
		{A1701AB0-0670-4A88-A4D4-304CE4898699}.NoDB|Any CPU.ActiveCfg = NoDB|Any CPU
		{A1701AB0-0670-4A88-A4D4-304CE4898699}.NoDB|Any CPU.Build.0 = NoDB|Any CPU
		{A1701AB0-0670-4A88-A4D4-304CE4898699}.Release|Any CPU.ActiveCfg = Release|Any CPU
		{A1701AB0-0670-4A88-A4D4-304CE4898699}.Release|Any CPU.Build.0 = Release|Any CPU
		{226CE497-A55F-4B8B-8178-9C9B41AB34DC}.Debug|Any CPU.ActiveCfg = Debug|Any CPU
		{226CE497-A55F-4B8B-8178-9C9B41AB34DC}.Debug|Any CPU.Build.0 = Debug|Any CPU
		{226CE497-A55F-4B8B-8178-9C9B41AB34DC}.NoDB|Any CPU.ActiveCfg = NoDB|Any CPU
		{226CE497-A55F-4B8B-8178-9C9B41AB34DC}.NoDB|Any CPU.Build.0 = NoDB|Any CPU
		{226CE497-A55F-4B8B-8178-9C9B41AB34DC}.Release|Any CPU.ActiveCfg = Release|Any CPU
		{226CE497-A55F-4B8B-8178-9C9B41AB34DC}.Release|Any CPU.Build.0 = Release|Any CPU
		{66987C26-B983-46EC-B524-E1A2C1E2C3B8}.Debug|Any CPU.ActiveCfg = Debug|Any CPU
		{66987C26-B983-46EC-B524-E1A2C1E2C3B8}.Debug|Any CPU.Build.0 = Debug|Any CPU
		{66987C26-B983-46EC-B524-E1A2C1E2C3B8}.NoDB|Any CPU.ActiveCfg = NoDB|Any CPU
		{66987C26-B983-46EC-B524-E1A2C1E2C3B8}.NoDB|Any CPU.Build.0 = NoDB|Any CPU
		{66987C26-B983-46EC-B524-E1A2C1E2C3B8}.Release|Any CPU.ActiveCfg = Release|Any CPU
		{66987C26-B983-46EC-B524-E1A2C1E2C3B8}.Release|Any CPU.Build.0 = Release|Any CPU
		{878DA1E1-F733-4555-BB1D-B1C9188D287B}.Debug|Any CPU.ActiveCfg = Debug|Any CPU
		{878DA1E1-F733-4555-BB1D-B1C9188D287B}.Debug|Any CPU.Build.0 = Debug|Any CPU
		{878DA1E1-F733-4555-BB1D-B1C9188D287B}.NoDB|Any CPU.ActiveCfg = Release|Any CPU
		{878DA1E1-F733-4555-BB1D-B1C9188D287B}.NoDB|Any CPU.Build.0 = Release|Any CPU
		{878DA1E1-F733-4555-BB1D-B1C9188D287B}.Release|Any CPU.ActiveCfg = Release|Any CPU
		{878DA1E1-F733-4555-BB1D-B1C9188D287B}.Release|Any CPU.Build.0 = Release|Any CPU
		{6D362C4A-06D4-40C6-B314-AA559791E1F4}.Debug|Any CPU.ActiveCfg = Debug|Any CPU
		{6D362C4A-06D4-40C6-B314-AA559791E1F4}.Debug|Any CPU.Build.0 = Debug|Any CPU
		{6D362C4A-06D4-40C6-B314-AA559791E1F4}.NoDB|Any CPU.ActiveCfg = Release|Any CPU
		{6D362C4A-06D4-40C6-B314-AA559791E1F4}.NoDB|Any CPU.Build.0 = Release|Any CPU
		{6D362C4A-06D4-40C6-B314-AA559791E1F4}.Release|Any CPU.ActiveCfg = Release|Any CPU
		{6D362C4A-06D4-40C6-B314-AA559791E1F4}.Release|Any CPU.Build.0 = Release|Any CPU
		{A01B5F39-B496-42C7-8630-20F0A7D16CED}.Debug|Any CPU.ActiveCfg = Debug|Any CPU
		{A01B5F39-B496-42C7-8630-20F0A7D16CED}.Debug|Any CPU.Build.0 = Debug|Any CPU
		{A01B5F39-B496-42C7-8630-20F0A7D16CED}.NoDB|Any CPU.ActiveCfg = Release|Any CPU
		{A01B5F39-B496-42C7-8630-20F0A7D16CED}.NoDB|Any CPU.Build.0 = Release|Any CPU
		{A01B5F39-B496-42C7-8630-20F0A7D16CED}.Release|Any CPU.ActiveCfg = Release|Any CPU
		{A01B5F39-B496-42C7-8630-20F0A7D16CED}.Release|Any CPU.Build.0 = Release|Any CPU
		{1D0D9310-9366-4829-8CF2-1CD26A8DB33E}.Debug|Any CPU.ActiveCfg = Debug|Any CPU
		{1D0D9310-9366-4829-8CF2-1CD26A8DB33E}.Debug|Any CPU.Build.0 = Debug|Any CPU
		{1D0D9310-9366-4829-8CF2-1CD26A8DB33E}.NoDB|Any CPU.ActiveCfg = Release|Any CPU
		{1D0D9310-9366-4829-8CF2-1CD26A8DB33E}.NoDB|Any CPU.Build.0 = Release|Any CPU
		{1D0D9310-9366-4829-8CF2-1CD26A8DB33E}.Release|Any CPU.ActiveCfg = Release|Any CPU
		{1D0D9310-9366-4829-8CF2-1CD26A8DB33E}.Release|Any CPU.Build.0 = Release|Any CPU
		{0381E8E2-27DF-48E2-A659-DE2488917DAA}.Debug|Any CPU.ActiveCfg = Debug|Any CPU
		{0381E8E2-27DF-48E2-A659-DE2488917DAA}.Debug|Any CPU.Build.0 = Debug|Any CPU
		{0381E8E2-27DF-48E2-A659-DE2488917DAA}.NoDB|Any CPU.ActiveCfg = NoDB|Any CPU
		{0381E8E2-27DF-48E2-A659-DE2488917DAA}.NoDB|Any CPU.Build.0 = NoDB|Any CPU
		{0381E8E2-27DF-48E2-A659-DE2488917DAA}.Release|Any CPU.ActiveCfg = Release|Any CPU
		{0381E8E2-27DF-48E2-A659-DE2488917DAA}.Release|Any CPU.Build.0 = Release|Any CPU
		{B180A2D5-BA4F-4AE4-B1C2-DF26A3A1D5E4}.Debug|Any CPU.ActiveCfg = Debug|Any CPU
		{B180A2D5-BA4F-4AE4-B1C2-DF26A3A1D5E4}.Debug|Any CPU.Build.0 = Debug|Any CPU
		{B180A2D5-BA4F-4AE4-B1C2-DF26A3A1D5E4}.NoDB|Any CPU.ActiveCfg = NoDB|Any CPU
		{B180A2D5-BA4F-4AE4-B1C2-DF26A3A1D5E4}.NoDB|Any CPU.Build.0 = NoDB|Any CPU
		{B180A2D5-BA4F-4AE4-B1C2-DF26A3A1D5E4}.Release|Any CPU.ActiveCfg = Release|Any CPU
		{B180A2D5-BA4F-4AE4-B1C2-DF26A3A1D5E4}.Release|Any CPU.Build.0 = Release|Any CPU
		{99E5812C-BC21-4722-A8F1-75A6715B21A8}.Debug|Any CPU.ActiveCfg = Debug|Any CPU
		{99E5812C-BC21-4722-A8F1-75A6715B21A8}.Debug|Any CPU.Build.0 = Debug|Any CPU
		{99E5812C-BC21-4722-A8F1-75A6715B21A8}.NoDB|Any CPU.ActiveCfg = Release|Any CPU
		{99E5812C-BC21-4722-A8F1-75A6715B21A8}.NoDB|Any CPU.Build.0 = Release|Any CPU
		{99E5812C-BC21-4722-A8F1-75A6715B21A8}.Release|Any CPU.ActiveCfg = Release|Any CPU
		{99E5812C-BC21-4722-A8F1-75A6715B21A8}.Release|Any CPU.Build.0 = Release|Any CPU
		{7C28A0E8-2266-4E96-BAB5-ECE5E7BF9CE9}.Debug|Any CPU.ActiveCfg = Debug|Any CPU
		{7C28A0E8-2266-4E96-BAB5-ECE5E7BF9CE9}.Debug|Any CPU.Build.0 = Debug|Any CPU
		{7C28A0E8-2266-4E96-BAB5-ECE5E7BF9CE9}.NoDB|Any CPU.ActiveCfg = Release|Any CPU
		{7C28A0E8-2266-4E96-BAB5-ECE5E7BF9CE9}.NoDB|Any CPU.Build.0 = Release|Any CPU
		{7C28A0E8-2266-4E96-BAB5-ECE5E7BF9CE9}.Release|Any CPU.ActiveCfg = Release|Any CPU
		{7C28A0E8-2266-4E96-BAB5-ECE5E7BF9CE9}.Release|Any CPU.Build.0 = Release|Any CPU
		{2AC23884-2527-4B50-B2C4-BAB99C96D9B4}.Debug|Any CPU.ActiveCfg = Debug|Any CPU
		{2AC23884-2527-4B50-B2C4-BAB99C96D9B4}.Debug|Any CPU.Build.0 = Debug|Any CPU
		{2AC23884-2527-4B50-B2C4-BAB99C96D9B4}.NoDB|Any CPU.ActiveCfg = Release|Any CPU
		{2AC23884-2527-4B50-B2C4-BAB99C96D9B4}.NoDB|Any CPU.Build.0 = Release|Any CPU
		{2AC23884-2527-4B50-B2C4-BAB99C96D9B4}.Release|Any CPU.ActiveCfg = Release|Any CPU
		{2AC23884-2527-4B50-B2C4-BAB99C96D9B4}.Release|Any CPU.Build.0 = Release|Any CPU
		{710B61A2-EE15-4ED9-B282-C6395C48899F}.Debug|Any CPU.ActiveCfg = Debug|Any CPU
		{710B61A2-EE15-4ED9-B282-C6395C48899F}.Debug|Any CPU.Build.0 = Debug|Any CPU
		{710B61A2-EE15-4ED9-B282-C6395C48899F}.NoDB|Any CPU.ActiveCfg = Release|Any CPU
		{710B61A2-EE15-4ED9-B282-C6395C48899F}.NoDB|Any CPU.Build.0 = Release|Any CPU
		{710B61A2-EE15-4ED9-B282-C6395C48899F}.Release|Any CPU.ActiveCfg = Release|Any CPU
		{710B61A2-EE15-4ED9-B282-C6395C48899F}.Release|Any CPU.Build.0 = Release|Any CPU
		{172AEAD2-5FB7-4995-B807-732A9DFDB657}.Debug|Any CPU.ActiveCfg = Debug|Any CPU
		{172AEAD2-5FB7-4995-B807-732A9DFDB657}.Debug|Any CPU.Build.0 = Debug|Any CPU
		{172AEAD2-5FB7-4995-B807-732A9DFDB657}.NoDB|Any CPU.ActiveCfg = Release|Any CPU
		{172AEAD2-5FB7-4995-B807-732A9DFDB657}.NoDB|Any CPU.Build.0 = Release|Any CPU
		{172AEAD2-5FB7-4995-B807-732A9DFDB657}.Release|Any CPU.ActiveCfg = Release|Any CPU
		{172AEAD2-5FB7-4995-B807-732A9DFDB657}.Release|Any CPU.Build.0 = Release|Any CPU
		{40F36CD2-7823-4F26-9F85-473367DB4013}.Debug|Any CPU.ActiveCfg = Debug|Any CPU
		{40F36CD2-7823-4F26-9F85-473367DB4013}.Debug|Any CPU.Build.0 = Debug|Any CPU
		{40F36CD2-7823-4F26-9F85-473367DB4013}.NoDB|Any CPU.ActiveCfg = Release|Any CPU
		{40F36CD2-7823-4F26-9F85-473367DB4013}.NoDB|Any CPU.Build.0 = Release|Any CPU
		{40F36CD2-7823-4F26-9F85-473367DB4013}.Release|Any CPU.ActiveCfg = Release|Any CPU
		{40F36CD2-7823-4F26-9F85-473367DB4013}.Release|Any CPU.Build.0 = Release|Any CPU
		{C6A88182-1D68-428B-BBFF-B60A88B5F6C8}.Debug|Any CPU.ActiveCfg = Debug|Any CPU
		{C6A88182-1D68-428B-BBFF-B60A88B5F6C8}.Debug|Any CPU.Build.0 = Debug|Any CPU
		{C6A88182-1D68-428B-BBFF-B60A88B5F6C8}.NoDB|Any CPU.ActiveCfg = Release|Any CPU
		{C6A88182-1D68-428B-BBFF-B60A88B5F6C8}.NoDB|Any CPU.Build.0 = Release|Any CPU
		{C6A88182-1D68-428B-BBFF-B60A88B5F6C8}.Release|Any CPU.ActiveCfg = Release|Any CPU
		{C6A88182-1D68-428B-BBFF-B60A88B5F6C8}.Release|Any CPU.Build.0 = Release|Any CPU
		{81CF520A-6F22-462E-A674-72C74889AAC7}.Debug|Any CPU.ActiveCfg = Debug|Any CPU
		{81CF520A-6F22-462E-A674-72C74889AAC7}.Debug|Any CPU.Build.0 = Debug|Any CPU
		{81CF520A-6F22-462E-A674-72C74889AAC7}.NoDB|Any CPU.ActiveCfg = Release|Any CPU
		{81CF520A-6F22-462E-A674-72C74889AAC7}.NoDB|Any CPU.Build.0 = Release|Any CPU
		{81CF520A-6F22-462E-A674-72C74889AAC7}.Release|Any CPU.ActiveCfg = Release|Any CPU
		{81CF520A-6F22-462E-A674-72C74889AAC7}.Release|Any CPU.Build.0 = Release|Any CPU
		{2E9E5792-2C61-4EF3-8697-C252DCFD88C5}.Debug|Any CPU.ActiveCfg = Debug|Any CPU
		{2E9E5792-2C61-4EF3-8697-C252DCFD88C5}.Debug|Any CPU.Build.0 = Debug|Any CPU
		{2E9E5792-2C61-4EF3-8697-C252DCFD88C5}.NoDB|Any CPU.ActiveCfg = Release|Any CPU
		{2E9E5792-2C61-4EF3-8697-C252DCFD88C5}.NoDB|Any CPU.Build.0 = Release|Any CPU
		{2E9E5792-2C61-4EF3-8697-C252DCFD88C5}.Release|Any CPU.ActiveCfg = Release|Any CPU
		{2E9E5792-2C61-4EF3-8697-C252DCFD88C5}.Release|Any CPU.Build.0 = Release|Any CPU
		{79614DF6-F8DB-47B0-BAC1-D51312DFDF69}.Debug|Any CPU.ActiveCfg = Debug|Any CPU
		{79614DF6-F8DB-47B0-BAC1-D51312DFDF69}.Debug|Any CPU.Build.0 = Debug|Any CPU
		{79614DF6-F8DB-47B0-BAC1-D51312DFDF69}.NoDB|Any CPU.ActiveCfg = Release|Any CPU
		{79614DF6-F8DB-47B0-BAC1-D51312DFDF69}.NoDB|Any CPU.Build.0 = Release|Any CPU
		{79614DF6-F8DB-47B0-BAC1-D51312DFDF69}.Release|Any CPU.ActiveCfg = Release|Any CPU
		{79614DF6-F8DB-47B0-BAC1-D51312DFDF69}.Release|Any CPU.Build.0 = Release|Any CPU
		{A2F4485B-D33F-48B6-85C7-A9178A04798C}.Debug|Any CPU.ActiveCfg = Debug|Any CPU
		{A2F4485B-D33F-48B6-85C7-A9178A04798C}.Debug|Any CPU.Build.0 = Debug|Any CPU
		{A2F4485B-D33F-48B6-85C7-A9178A04798C}.NoDB|Any CPU.ActiveCfg = Release|Any CPU
		{A2F4485B-D33F-48B6-85C7-A9178A04798C}.NoDB|Any CPU.Build.0 = Release|Any CPU
		{A2F4485B-D33F-48B6-85C7-A9178A04798C}.Release|Any CPU.ActiveCfg = Release|Any CPU
		{A2F4485B-D33F-48B6-85C7-A9178A04798C}.Release|Any CPU.Build.0 = Release|Any CPU
		{6F87E69E-A432-46D1-9546-4265DFB2FBD9}.Debug|Any CPU.ActiveCfg = Debug|Any CPU
		{6F87E69E-A432-46D1-9546-4265DFB2FBD9}.Debug|Any CPU.Build.0 = Debug|Any CPU
		{6F87E69E-A432-46D1-9546-4265DFB2FBD9}.NoDB|Any CPU.ActiveCfg = Release|Any CPU
		{6F87E69E-A432-46D1-9546-4265DFB2FBD9}.NoDB|Any CPU.Build.0 = Release|Any CPU
		{6F87E69E-A432-46D1-9546-4265DFB2FBD9}.Release|Any CPU.ActiveCfg = Release|Any CPU
		{6F87E69E-A432-46D1-9546-4265DFB2FBD9}.Release|Any CPU.Build.0 = Release|Any CPU
		{E3E58567-B135-4264-BA5A-CFCE0B7C5D52}.Debug|Any CPU.ActiveCfg = Debug|Any CPU
		{E3E58567-B135-4264-BA5A-CFCE0B7C5D52}.Debug|Any CPU.Build.0 = Debug|Any CPU
		{E3E58567-B135-4264-BA5A-CFCE0B7C5D52}.NoDB|Any CPU.ActiveCfg = Release|Any CPU
		{E3E58567-B135-4264-BA5A-CFCE0B7C5D52}.NoDB|Any CPU.Build.0 = Release|Any CPU
		{E3E58567-B135-4264-BA5A-CFCE0B7C5D52}.Release|Any CPU.ActiveCfg = Release|Any CPU
		{E3E58567-B135-4264-BA5A-CFCE0B7C5D52}.Release|Any CPU.Build.0 = Release|Any CPU
		{A5BF4496-EBA5-41ED-A8D1-3AF0FE72ECEF}.Debug|Any CPU.ActiveCfg = Debug|Any CPU
		{A5BF4496-EBA5-41ED-A8D1-3AF0FE72ECEF}.Debug|Any CPU.Build.0 = Debug|Any CPU
		{A5BF4496-EBA5-41ED-A8D1-3AF0FE72ECEF}.NoDB|Any CPU.ActiveCfg = Release|Any CPU
		{A5BF4496-EBA5-41ED-A8D1-3AF0FE72ECEF}.NoDB|Any CPU.Build.0 = Release|Any CPU
		{A5BF4496-EBA5-41ED-A8D1-3AF0FE72ECEF}.Release|Any CPU.ActiveCfg = Release|Any CPU
		{A5BF4496-EBA5-41ED-A8D1-3AF0FE72ECEF}.Release|Any CPU.Build.0 = Release|Any CPU
	EndGlobalSection
	GlobalSection(SolutionProperties) = preSolution
		HideSolutionNode = FALSE
	EndGlobalSection
	GlobalSection(NestedProjects) = preSolution
		{E9F8ABC3-957E-4ADA-B7DB-A61E16BEAA1E} = {0D87BE5D-A853-4475-87CC-0264CF853746}
		{A1701AB0-0670-4A88-A4D4-304CE4898699} = {0D87BE5D-A853-4475-87CC-0264CF853746}
		{226CE497-A55F-4B8B-8178-9C9B41AB34DC} = {0D87BE5D-A853-4475-87CC-0264CF853746}
		{6D362C4A-06D4-40C6-B314-AA559791E1F4} = {0D87BE5D-A853-4475-87CC-0264CF853746}
		{0381E8E2-27DF-48E2-A659-DE2488917DAA} = {D49A01BC-388B-4391-BC11-3849B066E5CD}
		{B180A2D5-BA4F-4AE4-B1C2-DF26A3A1D5E4} = {D49A01BC-388B-4391-BC11-3849B066E5CD}
		{99E5812C-BC21-4722-A8F1-75A6715B21A8} = {0D87BE5D-A853-4475-87CC-0264CF853746}
		{7C28A0E8-2266-4E96-BAB5-ECE5E7BF9CE9} = {0D87BE5D-A853-4475-87CC-0264CF853746}
		{2AC23884-2527-4B50-B2C4-BAB99C96D9B4} = {0D87BE5D-A853-4475-87CC-0264CF853746}
		{710B61A2-EE15-4ED9-B282-C6395C48899F} = {D49A01BC-388B-4391-BC11-3849B066E5CD}
		{172AEAD2-5FB7-4995-B807-732A9DFDB657} = {D49A01BC-388B-4391-BC11-3849B066E5CD}
		{40F36CD2-7823-4F26-9F85-473367DB4013} = {0D87BE5D-A853-4475-87CC-0264CF853746}
		{81CF520A-6F22-462E-A674-72C74889AAC7} = {0D87BE5D-A853-4475-87CC-0264CF853746}
		{2E9E5792-2C61-4EF3-8697-C252DCFD88C5} = {D49A01BC-388B-4391-BC11-3849B066E5CD}
		{79614DF6-F8DB-47B0-BAC1-D51312DFDF69} = {0D87BE5D-A853-4475-87CC-0264CF853746}
		{A2F4485B-D33F-48B6-85C7-A9178A04798C} = {0D87BE5D-A853-4475-87CC-0264CF853746}
		{6F87E69E-A432-46D1-9546-4265DFB2FBD9} = {0D87BE5D-A853-4475-87CC-0264CF853746}
		{E3E58567-B135-4264-BA5A-CFCE0B7C5D52} = {69FFF043-0784-4DD7-92F0-776A25A670AB}
		{69FFF043-0784-4DD7-92F0-776A25A670AB} = {0D87BE5D-A853-4475-87CC-0264CF853746}
		{A5BF4496-EBA5-41ED-A8D1-3AF0FE72ECEF} = {69FFF043-0784-4DD7-92F0-776A25A670AB}
	EndGlobalSection
	GlobalSection(ExtensibilityGlobals) = postSolution
		EnterpriseLibraryConfigurationToolBinariesPathV6 = packages\EnterpriseLibrary.TransientFaultHandling.6.0.1304.0\lib\portable-net45+win+wp8;packages\EnterpriseLibrary.TransientFaultHandling.Data.6.0.1304.1\lib\NET45
	EndGlobalSection
EndGlobal
