
Microsoft Visual Studio Solution File, Format Version 12.00
# Visual Studio 14
VisualStudioVersion = 14.0.25420.1
MinimumVisualStudioVersion = 10.0.40219.1
Project("{FAE04EC0-301F-11D3-BF4B-00C04F79EFBC}") = "Economy.Core", "..\CodeLibrary\Economy.Core\Economy.Core.csproj", "{5FF36757-D424-40A8-8C3D-F87ADA26F067}"
EndProject
Project("{FAE04EC0-301F-11D3-BF4B-00C04F79EFBC}") = "Economy.Jbean", "..\CodeLibrary\Economy.jBean\Economy.Jbean.csproj", "{387BAE94-CBD5-45FA-8E9D-F16AD1229E1C}"
EndProject
Project("{FAE04EC0-301F-11D3-BF4B-00C04F79EFBC}") = "Economy.AzureRepo", "..\CodeLibrary\Economy.AzureRepo\Economy.AzureRepo.csproj", "{EB0BBA4B-AA18-44E2-953C-B3EC0A110FFF}"
EndProject
Project("{2150E333-8FDC-42A3-9474-1A3956D46DE8}") = "Websites", "Websites", "{5CF49D76-E43F-444E-ADCC-3C7B3C241D66}"
EndProject
Project("{FAE04EC0-301F-11D3-BF4B-00C04F79EFBC}") = "Economy.WebAPI", "..\Websites\Economy.WebAPI\Economy.WebAPI.csproj", "{E299D9EE-ED26-4FB1-8EC8-9B028F7F96AA}"
EndProject
Project("{FAE04EC0-301F-11D3-BF4B-00C04F79EFBC}") = "Economy.StockMarket", "..\CodeLibrary\Economy.StockMarket\Economy.StockMarket.csproj", "{4D0BF82F-ABDC-40B9-B093-F7AA18B24A75}"
EndProject
Global
	GlobalSection(SolutionConfigurationPlatforms) = preSolution
		Debug|Any CPU = Debug|Any CPU
		Release|Any CPU = Release|Any CPU
	EndGlobalSection
	GlobalSection(ProjectConfigurationPlatforms) = postSolution
		{5FF36757-D424-40A8-8C3D-F87ADA26F067}.Debug|Any CPU.ActiveCfg = Debug|Any CPU
		{5FF36757-D424-40A8-8C3D-F87ADA26F067}.Debug|Any CPU.Build.0 = Debug|Any CPU
		{5FF36757-D424-40A8-8C3D-F87ADA26F067}.Release|Any CPU.ActiveCfg = Release|Any CPU
		{5FF36757-D424-40A8-8C3D-F87ADA26F067}.Release|Any CPU.Build.0 = Release|Any CPU
		{387BAE94-CBD5-45FA-8E9D-F16AD1229E1C}.Debug|Any CPU.ActiveCfg = Debug|Any CPU
		{387BAE94-CBD5-45FA-8E9D-F16AD1229E1C}.Debug|Any CPU.Build.0 = Debug|Any CPU
		{387BAE94-CBD5-45FA-8E9D-F16AD1229E1C}.Release|Any CPU.ActiveCfg = Release|Any CPU
		{387BAE94-CBD5-45FA-8E9D-F16AD1229E1C}.Release|Any CPU.Build.0 = Release|Any CPU
		{EB0BBA4B-AA18-44E2-953C-B3EC0A110FFF}.Debug|Any CPU.ActiveCfg = Debug|Any CPU
		{EB0BBA4B-AA18-44E2-953C-B3EC0A110FFF}.Debug|Any CPU.Build.0 = Debug|Any CPU
		{EB0BBA4B-AA18-44E2-953C-B3EC0A110FFF}.Release|Any CPU.ActiveCfg = Release|Any CPU
		{EB0BBA4B-AA18-44E2-953C-B3EC0A110FFF}.Release|Any CPU.Build.0 = Release|Any CPU
		{E299D9EE-ED26-4FB1-8EC8-9B028F7F96AA}.Debug|Any CPU.ActiveCfg = Debug|Any CPU
		{E299D9EE-ED26-4FB1-8EC8-9B028F7F96AA}.Debug|Any CPU.Build.0 = Debug|Any CPU
		{E299D9EE-ED26-4FB1-8EC8-9B028F7F96AA}.Release|Any CPU.ActiveCfg = Release|Any CPU
		{E299D9EE-ED26-4FB1-8EC8-9B028F7F96AA}.Release|Any CPU.Build.0 = Release|Any CPU
		{4D0BF82F-ABDC-40B9-B093-F7AA18B24A75}.Debug|Any CPU.ActiveCfg = Debug|Any CPU
		{4D0BF82F-ABDC-40B9-B093-F7AA18B24A75}.Debug|Any CPU.Build.0 = Debug|Any CPU
		{4D0BF82F-ABDC-40B9-B093-F7AA18B24A75}.Release|Any CPU.ActiveCfg = Release|Any CPU
		{4D0BF82F-ABDC-40B9-B093-F7AA18B24A75}.Release|Any CPU.Build.0 = Release|Any CPU
	EndGlobalSection
	GlobalSection(SolutionProperties) = preSolution
		HideSolutionNode = FALSE
	EndGlobalSection
	GlobalSection(NestedProjects) = preSolution
		{E299D9EE-ED26-4FB1-8EC8-9B028F7F96AA} = {5CF49D76-E43F-444E-ADCC-3C7B3C241D66}
	EndGlobalSection
EndGlobal
